
Microsoft Visual Studio Solution File, Format Version 12.00
# Visual Studio Version 16
VisualStudioVersion = 16.0.31321.278
MinimumVisualStudioVersion = 10.0.40219.1
Project("{FAE04EC0-301F-11D3-BF4B-00C04F79EFBC}") = "MyNetia", "MyNetia\MyNetia.csproj", "{CC552B0D-40E3-40B6-AE1F-FDE8AC3AC971}"
EndProject
Global
	GlobalSection(SolutionConfigurationPlatforms) = preSolution
		Debug|Any CPU = Debug|Any CPU
		Release|Any CPU = Release|Any CPU
	EndGlobalSection
	GlobalSection(ProjectConfigurationPlatforms) = postSolution
		{CC552B0D-40E3-40B6-AE1F-FDE8AC3AC971}.Debug|Any CPU.ActiveCfg = Debug|Any CPU
		{CC552B0D-40E3-40B6-AE1F-FDE8AC3AC971}.Debug|Any CPU.Build.0 = Debug|Any CPU
		{CC552B0D-40E3-40B6-AE1F-FDE8AC3AC971}.Release|Any CPU.ActiveCfg = Release|Any CPU
		{CC552B0D-40E3-40B6-AE1F-FDE8AC3AC971}.Release|Any CPU.Build.0 = Release|Any CPU
	EndGlobalSection
	GlobalSection(SolutionProperties) = preSolution
		HideSolutionNode = FALSE
	EndGlobalSection
	GlobalSection(ExtensibilityGlobals) = postSolution
		SolutionGuid = {CDD37EBB-3769-4807-8DF4-5E8D5ED5C106}
	EndGlobalSection
EndGlobal
